// !$*UTF8*$!
{
	archiveVersion = 1;
	classes = {
	};
	objectVersion = 48;
	objects = {

/* Begin PBXBuildFile section */
		26EC1C65204104C300F7E562 /* GridView.swift in Sources */ = {isa = PBXBuildFile; fileRef = 26EC1C64204104C300F7E562 /* GridView.swift */; };
		26F31E64202F9F720068A0A4 /* AppDelegate.swift in Sources */ = {isa = PBXBuildFile; fileRef = 26F31E63202F9F720068A0A4 /* AppDelegate.swift */; };
		26F31E66202F9F720068A0A4 /* ViewController.swift in Sources */ = {isa = PBXBuildFile; fileRef = 26F31E65202F9F720068A0A4 /* ViewController.swift */; };
		26F31E69202F9F720068A0A4 /* Main.storyboard in Resources */ = {isa = PBXBuildFile; fileRef = 26F31E67202F9F720068A0A4 /* Main.storyboard */; };
		26F31E6B202F9F720068A0A4 /* Assets.xcassets in Resources */ = {isa = PBXBuildFile; fileRef = 26F31E6A202F9F720068A0A4 /* Assets.xcassets */; };
		26F31E6E202F9F720068A0A4 /* LaunchScreen.storyboard in Resources */ = {isa = PBXBuildFile; fileRef = 26F31E6C202F9F720068A0A4 /* LaunchScreen.storyboard */; };
		26F31E79202F9F720068A0A4 /* AdvancedTetrisTests.swift in Sources */ = {isa = PBXBuildFile; fileRef = 26F31E78202F9F720068A0A4 /* AdvancedTetrisTests.swift */; };
		26F31E84202F9F720068A0A4 /* AdvancedTetrisUITests.swift in Sources */ = {isa = PBXBuildFile; fileRef = 26F31E83202F9F720068A0A4 /* AdvancedTetrisUITests.swift */; };
		26F31E92202FE0F00068A0A4 /* Game.swift in Sources */ = {isa = PBXBuildFile; fileRef = 26F31E91202FE0F00068A0A4 /* Game.swift */; };
		26F31E94202FE0FD0068A0A4 /* Grid.swift in Sources */ = {isa = PBXBuildFile; fileRef = 26F31E93202FE0FD0068A0A4 /* Grid.swift */; };
		26F31E96202FE1060068A0A4 /* Shape.swift in Sources */ = {isa = PBXBuildFile; fileRef = 26F31E95202FE1060068A0A4 /* Shape.swift */; };
		26F31E9A202FF6D60068A0A4 /* Types.swift in Sources */ = {isa = PBXBuildFile; fileRef = 26F31E99202FF6D60068A0A4 /* Types.swift */; };
/* End PBXBuildFile section */

/* Begin PBXContainerItemProxy section */
		26F31E75202F9F720068A0A4 /* PBXContainerItemProxy */ = {
			isa = PBXContainerItemProxy;
			containerPortal = 26F31E58202F9F720068A0A4 /* Project object */;
			proxyType = 1;
			remoteGlobalIDString = 26F31E5F202F9F720068A0A4;
			remoteInfo = AdvancedTetris;
		};
		26F31E80202F9F720068A0A4 /* PBXContainerItemProxy */ = {
			isa = PBXContainerItemProxy;
			containerPortal = 26F31E58202F9F720068A0A4 /* Project object */;
			proxyType = 1;
			remoteGlobalIDString = 26F31E5F202F9F720068A0A4;
			remoteInfo = AdvancedTetris;
		};
/* End PBXContainerItemProxy section */

/* Begin PBXFileReference section */
		26EC1C64204104C300F7E562 /* GridView.swift */ = {isa = PBXFileReference; lastKnownFileType = sourcecode.swift; path = GridView.swift; sourceTree = "<group>"; };
		26F31E60202F9F720068A0A4 /* AdvancedTetris.app */ = {isa = PBXFileReference; explicitFileType = wrapper.application; includeInIndex = 0; path = AdvancedTetris.app; sourceTree = BUILT_PRODUCTS_DIR; };
		26F31E63202F9F720068A0A4 /* AppDelegate.swift */ = {isa = PBXFileReference; lastKnownFileType = sourcecode.swift; path = AppDelegate.swift; sourceTree = "<group>"; };
		26F31E65202F9F720068A0A4 /* ViewController.swift */ = {isa = PBXFileReference; lastKnownFileType = sourcecode.swift; path = ViewController.swift; sourceTree = "<group>"; };
		26F31E68202F9F720068A0A4 /* Base */ = {isa = PBXFileReference; lastKnownFileType = file.storyboard; name = Base; path = Base.lproj/Main.storyboard; sourceTree = "<group>"; };
		26F31E6A202F9F720068A0A4 /* Assets.xcassets */ = {isa = PBXFileReference; lastKnownFileType = folder.assetcatalog; path = Assets.xcassets; sourceTree = "<group>"; };
		26F31E6D202F9F720068A0A4 /* Base */ = {isa = PBXFileReference; lastKnownFileType = file.storyboard; name = Base; path = Base.lproj/LaunchScreen.storyboard; sourceTree = "<group>"; };
		26F31E6F202F9F720068A0A4 /* Info.plist */ = {isa = PBXFileReference; lastKnownFileType = text.plist.xml; path = Info.plist; sourceTree = "<group>"; };
		26F31E74202F9F720068A0A4 /* AdvancedTetrisTests.xctest */ = {isa = PBXFileReference; explicitFileType = wrapper.cfbundle; includeInIndex = 0; path = AdvancedTetrisTests.xctest; sourceTree = BUILT_PRODUCTS_DIR; };
		26F31E78202F9F720068A0A4 /* AdvancedTetrisTests.swift */ = {isa = PBXFileReference; lastKnownFileType = sourcecode.swift; path = AdvancedTetrisTests.swift; sourceTree = "<group>"; };
		26F31E7A202F9F720068A0A4 /* Info.plist */ = {isa = PBXFileReference; lastKnownFileType = text.plist.xml; path = Info.plist; sourceTree = "<group>"; };
		26F31E7F202F9F720068A0A4 /* AdvancedTetrisUITests.xctest */ = {isa = PBXFileReference; explicitFileType = wrapper.cfbundle; includeInIndex = 0; path = AdvancedTetrisUITests.xctest; sourceTree = BUILT_PRODUCTS_DIR; };
		26F31E83202F9F720068A0A4 /* AdvancedTetrisUITests.swift */ = {isa = PBXFileReference; lastKnownFileType = sourcecode.swift; path = AdvancedTetrisUITests.swift; sourceTree = "<group>"; };
		26F31E85202F9F720068A0A4 /* Info.plist */ = {isa = PBXFileReference; lastKnownFileType = text.plist.xml; path = Info.plist; sourceTree = "<group>"; };
		26F31E91202FE0F00068A0A4 /* Game.swift */ = {isa = PBXFileReference; lastKnownFileType = sourcecode.swift; path = Game.swift; sourceTree = "<group>"; };
		26F31E93202FE0FD0068A0A4 /* Grid.swift */ = {isa = PBXFileReference; lastKnownFileType = sourcecode.swift; path = Grid.swift; sourceTree = "<group>"; };
		26F31E95202FE1060068A0A4 /* Shape.swift */ = {isa = PBXFileReference; lastKnownFileType = sourcecode.swift; path = Shape.swift; sourceTree = "<group>"; };
		26F31E99202FF6D60068A0A4 /* Types.swift */ = {isa = PBXFileReference; lastKnownFileType = sourcecode.swift; path = Types.swift; sourceTree = "<group>"; };
/* End PBXFileReference section */

/* Begin PBXFrameworksBuildPhase section */
		26F31E5D202F9F720068A0A4 /* Frameworks */ = {
			isa = PBXFrameworksBuildPhase;
			buildActionMask = 2147483647;
			files = (
			);
			runOnlyForDeploymentPostprocessing = 0;
		};
		26F31E71202F9F720068A0A4 /* Frameworks */ = {
			isa = PBXFrameworksBuildPhase;
			buildActionMask = 2147483647;
			files = (
			);
			runOnlyForDeploymentPostprocessing = 0;
		};
		26F31E7C202F9F720068A0A4 /* Frameworks */ = {
			isa = PBXFrameworksBuildPhase;
			buildActionMask = 2147483647;
			files = (
			);
			runOnlyForDeploymentPostprocessing = 0;
		};
/* End PBXFrameworksBuildPhase section */

/* Begin PBXGroup section */
		26F31E57202F9F720068A0A4 = {
			isa = PBXGroup;
			children = (
				26F31E62202F9F720068A0A4 /* AdvancedTetris */,
				26F31E77202F9F720068A0A4 /* AdvancedTetrisTests */,
				26F31E82202F9F720068A0A4 /* AdvancedTetrisUITests */,
				26F31E61202F9F720068A0A4 /* Products */,
			);
			sourceTree = "<group>";
		};
		26F31E61202F9F720068A0A4 /* Products */ = {
			isa = PBXGroup;
			children = (
				26F31E60202F9F720068A0A4 /* AdvancedTetris.app */,
				26F31E74202F9F720068A0A4 /* AdvancedTetrisTests.xctest */,
				26F31E7F202F9F720068A0A4 /* AdvancedTetrisUITests.xctest */,
			);
			name = Products;
			sourceTree = "<group>";
		};
		26F31E62202F9F720068A0A4 /* AdvancedTetris */ = {
			isa = PBXGroup;
			children = (
				26F31E63202F9F720068A0A4 /* AppDelegate.swift */,
				26F31E65202F9F720068A0A4 /* ViewController.swift */,
				26EC1C64204104C300F7E562 /* GridView.swift */,
				26F31E99202FF6D60068A0A4 /* Types.swift */,
				26F31E91202FE0F00068A0A4 /* Game.swift */,
				26F31E93202FE0FD0068A0A4 /* Grid.swift */,
				26F31E95202FE1060068A0A4 /* Shape.swift */,
				26F31E67202F9F720068A0A4 /* Main.storyboard */,
				26F31E6A202F9F720068A0A4 /* Assets.xcassets */,
				26F31E6C202F9F720068A0A4 /* LaunchScreen.storyboard */,
				26F31E6F202F9F720068A0A4 /* Info.plist */,
			);
			path = AdvancedTetris;
			sourceTree = "<group>";
		};
		26F31E77202F9F720068A0A4 /* AdvancedTetrisTests */ = {
			isa = PBXGroup;
			children = (
				26F31E78202F9F720068A0A4 /* AdvancedTetrisTests.swift */,
				26F31E7A202F9F720068A0A4 /* Info.plist */,
			);
			path = AdvancedTetrisTests;
			sourceTree = "<group>";
		};
		26F31E82202F9F720068A0A4 /* AdvancedTetrisUITests */ = {
			isa = PBXGroup;
			children = (
				26F31E83202F9F720068A0A4 /* AdvancedTetrisUITests.swift */,
				26F31E85202F9F720068A0A4 /* Info.plist */,
			);
			path = AdvancedTetrisUITests;
			sourceTree = "<group>";
		};
/* End PBXGroup section */

/* Begin PBXNativeTarget section */
		26F31E5F202F9F720068A0A4 /* AdvancedTetris */ = {
			isa = PBXNativeTarget;
			buildConfigurationList = 26F31E88202F9F720068A0A4 /* Build configuration list for PBXNativeTarget "AdvancedTetris" */;
			buildPhases = (
				26F31E5C202F9F720068A0A4 /* Sources */,
				26F31E5D202F9F720068A0A4 /* Frameworks */,
				26F31E5E202F9F720068A0A4 /* Resources */,
			);
			buildRules = (
			);
			dependencies = (
			);
			name = AdvancedTetris;
			productName = AdvancedTetris;
			productReference = 26F31E60202F9F720068A0A4 /* AdvancedTetris.app */;
			productType = "com.apple.product-type.application";
		};
		26F31E73202F9F720068A0A4 /* AdvancedTetrisTests */ = {
			isa = PBXNativeTarget;
			buildConfigurationList = 26F31E8B202F9F720068A0A4 /* Build configuration list for PBXNativeTarget "AdvancedTetrisTests" */;
			buildPhases = (
				26F31E70202F9F720068A0A4 /* Sources */,
				26F31E71202F9F720068A0A4 /* Frameworks */,
				26F31E72202F9F720068A0A4 /* Resources */,
			);
			buildRules = (
			);
			dependencies = (
				26F31E76202F9F720068A0A4 /* PBXTargetDependency */,
			);
			name = AdvancedTetrisTests;
			productName = AdvancedTetrisTests;
			productReference = 26F31E74202F9F720068A0A4 /* AdvancedTetrisTests.xctest */;
			productType = "com.apple.product-type.bundle.unit-test";
		};
		26F31E7E202F9F720068A0A4 /* AdvancedTetrisUITests */ = {
			isa = PBXNativeTarget;
			buildConfigurationList = 26F31E8E202F9F720068A0A4 /* Build configuration list for PBXNativeTarget "AdvancedTetrisUITests" */;
			buildPhases = (
				26F31E7B202F9F720068A0A4 /* Sources */,
				26F31E7C202F9F720068A0A4 /* Frameworks */,
				26F31E7D202F9F720068A0A4 /* Resources */,
			);
			buildRules = (
			);
			dependencies = (
				26F31E81202F9F720068A0A4 /* PBXTargetDependency */,
			);
			name = AdvancedTetrisUITests;
			productName = AdvancedTetrisUITests;
			productReference = 26F31E7F202F9F720068A0A4 /* AdvancedTetrisUITests.xctest */;
			productType = "com.apple.product-type.bundle.ui-testing";
		};
/* End PBXNativeTarget section */

/* Begin PBXProject section */
		26F31E58202F9F720068A0A4 /* Project object */ = {
			isa = PBXProject;
			attributes = {
				LastSwiftUpdateCheck = 0920;
				LastUpgradeCheck = 0920;
				ORGANIZATIONNAME = "Benjamin Boyle";
				TargetAttributes = {
					26F31E5F202F9F720068A0A4 = {
						CreatedOnToolsVersion = 9.2;
						ProvisioningStyle = Automatic;
					};
					26F31E73202F9F720068A0A4 = {
						CreatedOnToolsVersion = 9.2;
						ProvisioningStyle = Automatic;
						TestTargetID = 26F31E5F202F9F720068A0A4;
					};
					26F31E7E202F9F720068A0A4 = {
						CreatedOnToolsVersion = 9.2;
						ProvisioningStyle = Automatic;
						TestTargetID = 26F31E5F202F9F720068A0A4;
					};
				};
			};
			buildConfigurationList = 26F31E5B202F9F720068A0A4 /* Build configuration list for PBXProject "AdvancedTetris" */;
			compatibilityVersion = "Xcode 8.0";
			developmentRegion = en;
			hasScannedForEncodings = 0;
			knownRegions = (
				en,
				Base,
			);
			mainGroup = 26F31E57202F9F720068A0A4;
			productRefGroup = 26F31E61202F9F720068A0A4 /* Products */;
			projectDirPath = "";
			projectRoot = "";
			targets = (
				26F31E5F202F9F720068A0A4 /* AdvancedTetris */,
				26F31E73202F9F720068A0A4 /* AdvancedTetrisTests */,
				26F31E7E202F9F720068A0A4 /* AdvancedTetrisUITests */,
			);
		};
/* End PBXProject section */

/* Begin PBXResourcesBuildPhase section */
		26F31E5E202F9F720068A0A4 /* Resources */ = {
			isa = PBXResourcesBuildPhase;
			buildActionMask = 2147483647;
			files = (
				26F31E6E202F9F720068A0A4 /* LaunchScreen.storyboard in Resources */,
				26F31E6B202F9F720068A0A4 /* Assets.xcassets in Resources */,
				26F31E69202F9F720068A0A4 /* Main.storyboard in Resources */,
			);
			runOnlyForDeploymentPostprocessing = 0;
		};
		26F31E72202F9F720068A0A4 /* Resources */ = {
			isa = PBXResourcesBuildPhase;
			buildActionMask = 2147483647;
			files = (
			);
			runOnlyForDeploymentPostprocessing = 0;
		};
		26F31E7D202F9F720068A0A4 /* Resources */ = {
			isa = PBXResourcesBuildPhase;
			buildActionMask = 2147483647;
			files = (
			);
			runOnlyForDeploymentPostprocessing = 0;
		};
/* End PBXResourcesBuildPhase section */

/* Begin PBXSourcesBuildPhase section */
		26F31E5C202F9F720068A0A4 /* Sources */ = {
			isa = PBXSourcesBuildPhase;
			buildActionMask = 2147483647;
			files = (
				26F31E96202FE1060068A0A4 /* Shape.swift in Sources */,
				26F31E66202F9F720068A0A4 /* ViewController.swift in Sources */,
				26F31E92202FE0F00068A0A4 /* Game.swift in Sources */,
				26EC1C65204104C300F7E562 /* GridView.swift in Sources */,
				26F31E9A202FF6D60068A0A4 /* Types.swift in Sources */,
				26F31E64202F9F720068A0A4 /* AppDelegate.swift in Sources */,
				26F31E94202FE0FD0068A0A4 /* Grid.swift in Sources */,
			);
			runOnlyForDeploymentPostprocessing = 0;
		};
		26F31E70202F9F720068A0A4 /* Sources */ = {
			isa = PBXSourcesBuildPhase;
			buildActionMask = 2147483647;
			files = (
				26F31E79202F9F720068A0A4 /* AdvancedTetrisTests.swift in Sources */,
			);
			runOnlyForDeploymentPostprocessing = 0;
		};
		26F31E7B202F9F720068A0A4 /* Sources */ = {
			isa = PBXSourcesBuildPhase;
			buildActionMask = 2147483647;
			files = (
				26F31E84202F9F720068A0A4 /* AdvancedTetrisUITests.swift in Sources */,
			);
			runOnlyForDeploymentPostprocessing = 0;
		};
/* End PBXSourcesBuildPhase section */

/* Begin PBXTargetDependency section */
		26F31E76202F9F720068A0A4 /* PBXTargetDependency */ = {
			isa = PBXTargetDependency;
			target = 26F31E5F202F9F720068A0A4 /* AdvancedTetris */;
			targetProxy = 26F31E75202F9F720068A0A4 /* PBXContainerItemProxy */;
		};
		26F31E81202F9F720068A0A4 /* PBXTargetDependency */ = {
			isa = PBXTargetDependency;
			target = 26F31E5F202F9F720068A0A4 /* AdvancedTetris */;
			targetProxy = 26F31E80202F9F720068A0A4 /* PBXContainerItemProxy */;
		};
/* End PBXTargetDependency section */

/* Begin PBXVariantGroup section */
		26F31E67202F9F720068A0A4 /* Main.storyboard */ = {
			isa = PBXVariantGroup;
			children = (
				26F31E68202F9F720068A0A4 /* Base */,
			);
			name = Main.storyboard;
			sourceTree = "<group>";
		};
		26F31E6C202F9F720068A0A4 /* LaunchScreen.storyboard */ = {
			isa = PBXVariantGroup;
			children = (
				26F31E6D202F9F720068A0A4 /* Base */,
			);
			name = LaunchScreen.storyboard;
			sourceTree = "<group>";
		};
/* End PBXVariantGroup section */

/* Begin XCBuildConfiguration section */
		26F31E86202F9F720068A0A4 /* Debug */ = {
			isa = XCBuildConfiguration;
			buildSettings = {
				ALWAYS_SEARCH_USER_PATHS = NO;
				CLANG_ANALYZER_NONNULL = YES;
				CLANG_ANALYZER_NUMBER_OBJECT_CONVERSION = YES_AGGRESSIVE;
				CLANG_CXX_LANGUAGE_STANDARD = "gnu++14";
				CLANG_CXX_LIBRARY = "libc++";
				CLANG_ENABLE_MODULES = YES;
				CLANG_ENABLE_OBJC_ARC = YES;
				CLANG_WARN_BLOCK_CAPTURE_AUTORELEASING = YES;
				CLANG_WARN_BOOL_CONVERSION = YES;
				CLANG_WARN_COMMA = YES;
				CLANG_WARN_CONSTANT_CONVERSION = YES;
				CLANG_WARN_DIRECT_OBJC_ISA_USAGE = YES_ERROR;
				CLANG_WARN_DOCUMENTATION_COMMENTS = YES;
				CLANG_WARN_EMPTY_BODY = YES;
				CLANG_WARN_ENUM_CONVERSION = YES;
				CLANG_WARN_INFINITE_RECURSION = YES;
				CLANG_WARN_INT_CONVERSION = YES;
				CLANG_WARN_NON_LITERAL_NULL_CONVERSION = YES;
				CLANG_WARN_OBJC_LITERAL_CONVERSION = YES;
				CLANG_WARN_OBJC_ROOT_CLASS = YES_ERROR;
				CLANG_WARN_RANGE_LOOP_ANALYSIS = YES;
				CLANG_WARN_STRICT_PROTOTYPES = YES;
				CLANG_WARN_SUSPICIOUS_MOVE = YES;
				CLANG_WARN_UNGUARDED_AVAILABILITY = YES_AGGRESSIVE;
				CLANG_WARN_UNREACHABLE_CODE = YES;
				CLANG_WARN__DUPLICATE_METHOD_MATCH = YES;
				CODE_SIGN_IDENTITY = "iPhone Developer";
				COPY_PHASE_STRIP = NO;
				DEBUG_INFORMATION_FORMAT = dwarf;
				ENABLE_STRICT_OBJC_MSGSEND = YES;
				ENABLE_TESTABILITY = YES;
				GCC_C_LANGUAGE_STANDARD = gnu11;
				GCC_DYNAMIC_NO_PIC = NO;
				GCC_NO_COMMON_BLOCKS = YES;
				GCC_OPTIMIZATION_LEVEL = 0;
				GCC_PREPROCESSOR_DEFINITIONS = (
					"DEBUG=1",
					"$(inherited)",
				);
				GCC_WARN_64_TO_32_BIT_CONVERSION = YES;
				GCC_WARN_ABOUT_RETURN_TYPE = YES_ERROR;
				GCC_WARN_UNDECLARED_SELECTOR = YES;
				GCC_WARN_UNINITIALIZED_AUTOS = YES_AGGRESSIVE;
				GCC_WARN_UNUSED_FUNCTION = YES;
				GCC_WARN_UNUSED_VARIABLE = YES;
				IPHONEOS_DEPLOYMENT_TARGET = 11.2;
				MTL_ENABLE_DEBUG_INFO = YES;
				ONLY_ACTIVE_ARCH = YES;
				SDKROOT = iphoneos;
				SWIFT_ACTIVE_COMPILATION_CONDITIONS = DEBUG;
				SWIFT_OPTIMIZATION_LEVEL = "-Onone";
			};
			name = Debug;
		};
		26F31E87202F9F720068A0A4 /* Release */ = {
			isa = XCBuildConfiguration;
			buildSettings = {
				ALWAYS_SEARCH_USER_PATHS = NO;
				CLANG_ANALYZER_NONNULL = YES;
				CLANG_ANALYZER_NUMBER_OBJECT_CONVERSION = YES_AGGRESSIVE;
				CLANG_CXX_LANGUAGE_STANDARD = "gnu++14";
				CLANG_CXX_LIBRARY = "libc++";
				CLANG_ENABLE_MODULES = YES;
				CLANG_ENABLE_OBJC_ARC = YES;
				CLANG_WARN_BLOCK_CAPTURE_AUTORELEASING = YES;
				CLANG_WARN_BOOL_CONVERSION = YES;
				CLANG_WARN_COMMA = YES;
				CLANG_WARN_CONSTANT_CONVERSION = YES;
				CLANG_WARN_DIRECT_OBJC_ISA_USAGE = YES_ERROR;
				CLANG_WARN_DOCUMENTATION_COMMENTS = YES;
				CLANG_WARN_EMPTY_BODY = YES;
				CLANG_WARN_ENUM_CONVERSION = YES;
				CLANG_WARN_INFINITE_RECURSION = YES;
				CLANG_WARN_INT_CONVERSION = YES;
				CLANG_WARN_NON_LITERAL_NULL_CONVERSION = YES;
				CLANG_WARN_OBJC_LITERAL_CONVERSION = YES;
				CLANG_WARN_OBJC_ROOT_CLASS = YES_ERROR;
				CLANG_WARN_RANGE_LOOP_ANALYSIS = YES;
				CLANG_WARN_STRICT_PROTOTYPES = YES;
				CLANG_WARN_SUSPICIOUS_MOVE = YES;
				CLANG_WARN_UNGUARDED_AVAILABILITY = YES_AGGRESSIVE;
				CLANG_WARN_UNREACHABLE_CODE = YES;
				CLANG_WARN__DUPLICATE_METHOD_MATCH = YES;
				CODE_SIGN_IDENTITY = "iPhone Developer";
				COPY_PHASE_STRIP = NO;
				DEBUG_INFORMATION_FORMAT = "dwarf-with-dsym";
				ENABLE_NS_ASSERTIONS = NO;
				ENABLE_STRICT_OBJC_MSGSEND = YES;
				GCC_C_LANGUAGE_STANDARD = gnu11;
				GCC_NO_COMMON_BLOCKS = YES;
				GCC_WARN_64_TO_32_BIT_CONVERSION = YES;
				GCC_WARN_ABOUT_RETURN_TYPE = YES_ERROR;
				GCC_WARN_UNDECLARED_SELECTOR = YES;
				GCC_WARN_UNINITIALIZED_AUTOS = YES_AGGRESSIVE;
				GCC_WARN_UNUSED_FUNCTION = YES;
				GCC_WARN_UNUSED_VARIABLE = YES;
				IPHONEOS_DEPLOYMENT_TARGET = 11.2;
				MTL_ENABLE_DEBUG_INFO = NO;
				SDKROOT = iphoneos;
				SWIFT_OPTIMIZATION_LEVEL = "-Owholemodule";
				VALIDATE_PRODUCT = YES;
			};
			name = Release;
		};
		26F31E89202F9F720068A0A4 /* Debug */ = {
			isa = XCBuildConfiguration;
			buildSettings = {
				ASSETCATALOG_COMPILER_APPICON_NAME = AppIcon;
				CODE_SIGN_STYLE = Automatic;
				DEVELOPMENT_TEAM = 7DN5JNN22H;
				INFOPLIST_FILE = AdvancedTetris/Info.plist;
				LD_RUNPATH_SEARCH_PATHS = "$(inherited) @executable_path/Frameworks";
				PRODUCT_BUNDLE_IDENTIFIER = BB.AdvancedTetris;
				PRODUCT_NAME = "$(TARGET_NAME)";
				SWIFT_VERSION = 4.0;
				TARGETED_DEVICE_FAMILY = "1,2";
			};
			name = Debug;
		};
		26F31E8A202F9F720068A0A4 /* Release */ = {
			isa = XCBuildConfiguration;
			buildSettings = {
				ASSETCATALOG_COMPILER_APPICON_NAME = AppIcon;
				CODE_SIGN_STYLE = Automatic;
				DEVELOPMENT_TEAM = 7DN5JNN22H;
				INFOPLIST_FILE = AdvancedTetris/Info.plist;
				LD_RUNPATH_SEARCH_PATHS = "$(inherited) @executable_path/Frameworks";
				PRODUCT_BUNDLE_IDENTIFIER = BB.AdvancedTetris;
				PRODUCT_NAME = "$(TARGET_NAME)";
				SWIFT_VERSION = 4.0;
				TARGETED_DEVICE_FAMILY = "1,2";
			};
			name = Release;
		};
		26F31E8C202F9F720068A0A4 /* Debug */ = {
			isa = XCBuildConfiguration;
			buildSettings = {
				ALWAYS_EMBED_SWIFT_STANDARD_LIBRARIES = YES;
				BUNDLE_LOADER = "$(TEST_HOST)";
				CODE_SIGN_STYLE = Automatic;
				DEVELOPMENT_TEAM = 7DN5JNN22H;
				INFOPLIST_FILE = AdvancedTetrisTests/Info.plist;
				LD_RUNPATH_SEARCH_PATHS = "$(inherited) @executable_path/Frameworks @loader_path/Frameworks";
				PRODUCT_BUNDLE_IDENTIFIER = BB.AdvancedTetrisTests;
				PRODUCT_NAME = "$(TARGET_NAME)";
				SWIFT_VERSION = 4.0;
				TARGETED_DEVICE_FAMILY = "1,2";
				TEST_HOST = "$(BUILT_PRODUCTS_DIR)/AdvancedTetris.app/AdvancedTetris";
			};
			name = Debug;
		};
		26F31E8D202F9F720068A0A4 /* Release */ = {
			isa = XCBuildConfiguration;
			buildSettings = {
				ALWAYS_EMBED_SWIFT_STANDARD_LIBRARIES = YES;
				BUNDLE_LOADER = "$(TEST_HOST)";
				CODE_SIGN_STYLE = Automatic;
				DEVELOPMENT_TEAM = 7DN5JNN22H;
				INFOPLIST_FILE = AdvancedTetrisTests/Info.plist;
				LD_RUNPATH_SEARCH_PATHS = "$(inherited) @executable_path/Frameworks @loader_path/Frameworks";
				PRODUCT_BUNDLE_IDENTIFIER = BB.AdvancedTetrisTests;
				PRODUCT_NAME = "$(TARGET_NAME)";
				SWIFT_VERSION = 4.0;
				TARGETED_DEVICE_FAMILY = "1,2";
				TEST_HOST = "$(BUILT_PRODUCTS_DIR)/AdvancedTetris.app/AdvancedTetris";
			};
			name = Release;
		};
		26F31E8F202F9F720068A0A4 /* Debug */ = {
			isa = XCBuildConfiguration;
			buildSettings = {
				ALWAYS_EMBED_SWIFT_STANDARD_LIBRARIES = YES;
				CODE_SIGN_STYLE = Automatic;
				DEVELOPMENT_TEAM = 7DN5JNN22H;
				INFOPLIST_FILE = AdvancedTetrisUITests/Info.plist;
				LD_RUNPATH_SEARCH_PATHS = "$(inherited) @executable_path/Frameworks @loader_path/Frameworks";
				PRODUCT_BUNDLE_IDENTIFIER = BB.AdvancedTetrisUITests;
				PRODUCT_NAME = "$(TARGET_NAME)";
				SWIFT_VERSION = 4.0;
				TARGETED_DEVICE_FAMILY = "1,2";
				TEST_TARGET_NAME = AdvancedTetris;
			};
			name = Debug;
		};
		26F31E90202F9F720068A0A4 /* Release */ = {
			isa = XCBuildConfiguration;
			buildSettings = {
				ALWAYS_EMBED_SWIFT_STANDARD_LIBRARIES = YES;
				CODE_SIGN_STYLE = Automatic;
				DEVELOPMENT_TEAM = 7DN5JNN22H;
				INFOPLIST_FILE = AdvancedTetrisUITests/Info.plist;
				LD_RUNPATH_SEARCH_PATHS = "$(inherited) @executable_path/Frameworks @loader_path/Frameworks";
				PRODUCT_BUNDLE_IDENTIFIER = BB.AdvancedTetrisUITests;
				PRODUCT_NAME = "$(TARGET_NAME)";
				SWIFT_VERSION = 4.0;
				TARGETED_DEVICE_FAMILY = "1,2";
				TEST_TARGET_NAME = AdvancedTetris;
			};
			name = Release;
		};
/* End XCBuildConfiguration section */

/* Begin XCConfigurationList section */
		26F31E5B202F9F720068A0A4 /* Build configuration list for PBXProject "AdvancedTetris" */ = {
			isa = XCConfigurationList;
			buildConfigurations = (
				26F31E86202F9F720068A0A4 /* Debug */,
				26F31E87202F9F720068A0A4 /* Release */,
			);
			defaultConfigurationIsVisible = 0;
			defaultConfigurationName = Release;
		};
		26F31E88202F9F720068A0A4 /* Build configuration list for PBXNativeTarget "AdvancedTetris" */ = {
			isa = XCConfigurationList;
			buildConfigurations = (
				26F31E89202F9F720068A0A4 /* Debug */,
				26F31E8A202F9F720068A0A4 /* Release */,
			);
			defaultConfigurationIsVisible = 0;
			defaultConfigurationName = Release;
		};
		26F31E8B202F9F720068A0A4 /* Build configuration list for PBXNativeTarget "AdvancedTetrisTests" */ = {
			isa = XCConfigurationList;
			buildConfigurations = (
				26F31E8C202F9F720068A0A4 /* Debug */,
				26F31E8D202F9F720068A0A4 /* Release */,
			);
			defaultConfigurationIsVisible = 0;
			defaultConfigurationName = Release;
		};
		26F31E8E202F9F720068A0A4 /* Build configuration list for PBXNativeTarget "AdvancedTetrisUITests" */ = {
			isa = XCConfigurationList;
			buildConfigurations = (
				26F31E8F202F9F720068A0A4 /* Debug */,
				26F31E90202F9F720068A0A4 /* Release */,
			);
			defaultConfigurationIsVisible = 0;
			defaultConfigurationName = Release;
		};
/* End XCConfigurationList section */
	};
	rootObject = 26F31E58202F9F720068A0A4 /* Project object */;
}
